// !$*UTF8*$!
{
	archiveVersion = 1;
	classes = {
	};
	objectVersion = 48;
	objects = {

/* Begin PBXBuildFile section */
		9F79FE60210DD7DD003EE864 /* AppDelegate.swift in Sources */ = {isa = PBXBuildFile; fileRef = 9F79FE5F210DD7DD003EE864 /* AppDelegate.swift */; };
		9F79FE62210DD7DD003EE864 /* ViewController.swift in Sources */ = {isa = PBXBuildFile; fileRef = 9F79FE61210DD7DD003EE864 /* ViewController.swift */; };
		9F79FE65210DD7DD003EE864 /* Main.storyboard in Resources */ = {isa = PBXBuildFile; fileRef = 9F79FE63210DD7DD003EE864 /* Main.storyboard */; };
		9F79FE67210DD7DD003EE864 /* Assets.xcassets in Resources */ = {isa = PBXBuildFile; fileRef = 9F79FE66210DD7DD003EE864 /* Assets.xcassets */; };
		9F79FE6A210DD7DD003EE864 /* LaunchScreen.storyboard in Resources */ = {isa = PBXBuildFile; fileRef = 9F79FE68210DD7DD003EE864 /* LaunchScreen.storyboard */; };
		9F79FE75210DD7DD003EE864 /* SpeedrunAppTests.swift in Sources */ = {isa = PBXBuildFile; fileRef = 9F79FE74210DD7DD003EE864 /* SpeedrunAppTests.swift */; };
/* End PBXBuildFile section */

/* Begin PBXContainerItemProxy section */
		9F79FE71210DD7DD003EE864 /* PBXContainerItemProxy */ = {
			isa = PBXContainerItemProxy;
			containerPortal = 9F79FE54210DD7DD003EE864 /* Project object */;
			proxyType = 1;
			remoteGlobalIDString = 9F79FE5B210DD7DD003EE864;
			remoteInfo = SpeedrunApp;
		};
/* End PBXContainerItemProxy section */

/* Begin PBXFileReference section */
		9F79FE5C210DD7DD003EE864 /* SpeedrunApp.app */ = {isa = PBXFileReference; explicitFileType = wrapper.application; includeInIndex = 0; path = SpeedrunApp.app; sourceTree = BUILT_PRODUCTS_DIR; };
		9F79FE5F210DD7DD003EE864 /* AppDelegate.swift */ = {isa = PBXFileReference; lastKnownFileType = sourcecode.swift; path = AppDelegate.swift; sourceTree = "<group>"; };
		9F79FE61210DD7DD003EE864 /* ViewController.swift */ = {isa = PBXFileReference; lastKnownFileType = sourcecode.swift; path = ViewController.swift; sourceTree = "<group>"; };
		9F79FE64210DD7DD003EE864 /* Base */ = {isa = PBXFileReference; lastKnownFileType = file.storyboard; name = Base; path = Base.lproj/Main.storyboard; sourceTree = "<group>"; };
		9F79FE66210DD7DD003EE864 /* Assets.xcassets */ = {isa = PBXFileReference; lastKnownFileType = folder.assetcatalog; path = Assets.xcassets; sourceTree = "<group>"; };
		9F79FE69210DD7DD003EE864 /* Base */ = {isa = PBXFileReference; lastKnownFileType = file.storyboard; name = Base; path = Base.lproj/LaunchScreen.storyboard; sourceTree = "<group>"; };
		9F79FE6B210DD7DD003EE864 /* Info.plist */ = {isa = PBXFileReference; lastKnownFileType = text.plist.xml; path = Info.plist; sourceTree = "<group>"; };
		9F79FE70210DD7DD003EE864 /* SpeedrunAppTests.xctest */ = {isa = PBXFileReference; explicitFileType = wrapper.cfbundle; includeInIndex = 0; path = SpeedrunAppTests.xctest; sourceTree = BUILT_PRODUCTS_DIR; };
		9F79FE74210DD7DD003EE864 /* SpeedrunAppTests.swift */ = {isa = PBXFileReference; lastKnownFileType = sourcecode.swift; path = SpeedrunAppTests.swift; sourceTree = "<group>"; };
		9F79FE76210DD7DD003EE864 /* Info.plist */ = {isa = PBXFileReference; lastKnownFileType = text.plist.xml; path = Info.plist; sourceTree = "<group>"; };
/* End PBXFileReference section */

/* Begin PBXFrameworksBuildPhase section */
		9F79FE59210DD7DD003EE864 /* Frameworks */ = {
			isa = PBXFrameworksBuildPhase;
			buildActionMask = 2147483647;
			files = (
			);
			runOnlyForDeploymentPostprocessing = 0;
		};
		9F79FE6D210DD7DD003EE864 /* Frameworks */ = {
			isa = PBXFrameworksBuildPhase;
			buildActionMask = 2147483647;
			files = (
			);
			runOnlyForDeploymentPostprocessing = 0;
		};
/* End PBXFrameworksBuildPhase section */

/* Begin PBXGroup section */
		9F79FE53210DD7DD003EE864 = {
			isa = PBXGroup;
			children = (
				9F79FE5E210DD7DD003EE864 /* SpeedrunApp */,
				9F79FE73210DD7DD003EE864 /* SpeedrunAppTests */,
				9F79FE5D210DD7DD003EE864 /* Products */,
			);
			sourceTree = "<group>";
		};
		9F79FE5D210DD7DD003EE864 /* Products */ = {
			isa = PBXGroup;
			children = (
				9F79FE5C210DD7DD003EE864 /* SpeedrunApp.app */,
				9F79FE70210DD7DD003EE864 /* SpeedrunAppTests.xctest */,
			);
			name = Products;
			sourceTree = "<group>";
		};
		9F79FE5E210DD7DD003EE864 /* SpeedrunApp */ = {
			isa = PBXGroup;
			children = (
				9F79FE5F210DD7DD003EE864 /* AppDelegate.swift */,
				9F79FE61210DD7DD003EE864 /* ViewController.swift */,
				9F79FE63210DD7DD003EE864 /* Main.storyboard */,
				9F79FE66210DD7DD003EE864 /* Assets.xcassets */,
				9F79FE68210DD7DD003EE864 /* LaunchScreen.storyboard */,
				9F79FE6B210DD7DD003EE864 /* Info.plist */,
			);
			path = SpeedrunApp;
			sourceTree = "<group>";
		};
		9F79FE73210DD7DD003EE864 /* SpeedrunAppTests */ = {
			isa = PBXGroup;
			children = (
				9F79FE74210DD7DD003EE864 /* SpeedrunAppTests.swift */,
				9F79FE76210DD7DD003EE864 /* Info.plist */,
			);
			path = SpeedrunAppTests;
			sourceTree = "<group>";
		};
/* End PBXGroup section */

/* Begin PBXNativeTarget section */
		9F79FE5B210DD7DD003EE864 /* SpeedrunApp */ = {
			isa = PBXNativeTarget;
			buildConfigurationList = 9F79FE79210DD7DD003EE864 /* Build configuration list for PBXNativeTarget "SpeedrunApp" */;
			buildPhases = (
				9F79FE58210DD7DD003EE864 /* Sources */,
				9F79FE59210DD7DD003EE864 /* Frameworks */,
				9F79FE5A210DD7DD003EE864 /* Resources */,
			);
			buildRules = (
			);
			dependencies = (
			);
			name = SpeedrunApp;
			productName = SpeedrunApp;
			productReference = 9F79FE5C210DD7DD003EE864 /* SpeedrunApp.app */;
			productType = "com.apple.product-type.application";
		};
		9F79FE6F210DD7DD003EE864 /* SpeedrunAppTests */ = {
			isa = PBXNativeTarget;
			buildConfigurationList = 9F79FE7C210DD7DD003EE864 /* Build configuration list for PBXNativeTarget "SpeedrunAppTests" */;
			buildPhases = (
				9F79FE6C210DD7DD003EE864 /* Sources */,
				9F79FE6D210DD7DD003EE864 /* Frameworks */,
				9F79FE6E210DD7DD003EE864 /* Resources */,
			);
			buildRules = (
			);
			dependencies = (
				9F79FE72210DD7DD003EE864 /* PBXTargetDependency */,
			);
			name = SpeedrunAppTests;
			productName = SpeedrunAppTests;
			productReference = 9F79FE70210DD7DD003EE864 /* SpeedrunAppTests.xctest */;
			productType = "com.apple.product-type.bundle.unit-test";
		};
/* End PBXNativeTarget section */

/* Begin PBXProject section */
		9F79FE54210DD7DD003EE864 /* Project object */ = {
			isa = PBXProject;
			attributes = {
				LastSwiftUpdateCheck = 0910;
				LastUpgradeCheck = 0910;
				ORGANIZATIONNAME = "Rodrigo Nunes Gil";
				TargetAttributes = {
					9F79FE5B210DD7DD003EE864 = {
						CreatedOnToolsVersion = 9.1;
						ProvisioningStyle = Automatic;
					};
					9F79FE6F210DD7DD003EE864 = {
						CreatedOnToolsVersion = 9.1;
						ProvisioningStyle = Automatic;
						TestTargetID = 9F79FE5B210DD7DD003EE864;
					};
				};
			};
			buildConfigurationList = 9F79FE57210DD7DD003EE864 /* Build configuration list for PBXProject "SpeedrunApp" */;
			compatibilityVersion = "Xcode 8.0";
			developmentRegion = en;
			hasScannedForEncodings = 0;
			knownRegions = (
				en,
				Base,
			);
			mainGroup = 9F79FE53210DD7DD003EE864;
			productRefGroup = 9F79FE5D210DD7DD003EE864 /* Products */;
			projectDirPath = "";
			projectRoot = "";
			targets = (
				9F79FE5B210DD7DD003EE864 /* SpeedrunApp */,
				9F79FE6F210DD7DD003EE864 /* SpeedrunAppTests */,
			);
		};
/* End PBXProject section */

/* Begin PBXResourcesBuildPhase section */
		9F79FE5A210DD7DD003EE864 /* Resources */ = {
			isa = PBXResourcesBuildPhase;
			buildActionMask = 2147483647;
			files = (
				9F79FE6A210DD7DD003EE864 /* LaunchScreen.storyboard in Resources */,
				9F79FE67210DD7DD003EE864 /* Assets.xcassets in Resources */,
				9F79FE65210DD7DD003EE864 /* Main.storyboard in Resources */,
			);
			runOnlyForDeploymentPostprocessing = 0;
		};
		9F79FE6E210DD7DD003EE864 /* Resources */ = {
			isa = PBXResourcesBuildPhase;
			buildActionMask = 2147483647;
			files = (
			);
			runOnlyForDeploymentPostprocessing = 0;
		};
/* End PBXResourcesBuildPhase section */

/* Begin PBXSourcesBuildPhase section */
		9F79FE58210DD7DD003EE864 /* Sources */ = {
			isa = PBXSourcesBuildPhase;
			buildActionMask = 2147483647;
			files = (
				9F79FE62210DD7DD003EE864 /* ViewController.swift in Sources */,
				9F79FE60210DD7DD003EE864 /* AppDelegate.swift in Sources */,
			);
			runOnlyForDeploymentPostprocessing = 0;
		};
		9F79FE6C210DD7DD003EE864 /* Sources */ = {
			isa = PBXSourcesBuildPhase;
			buildActionMask = 2147483647;
			files = (
				9F79FE75210DD7DD003EE864 /* SpeedrunAppTests.swift in Sources */,
			);
			runOnlyForDeploymentPostprocessing = 0;
		};
/* End PBXSourcesBuildPhase section */

/* Begin PBXTargetDependency section */
		9F79FE72210DD7DD003EE864 /* PBXTargetDependency */ = {
			isa = PBXTargetDependency;
			target = 9F79FE5B210DD7DD003EE864 /* SpeedrunApp */;
			targetProxy = 9F79FE71210DD7DD003EE864 /* PBXContainerItemProxy */;
		};
/* End PBXTargetDependency section */

/* Begin PBXVariantGroup section */
		9F79FE63210DD7DD003EE864 /* Main.storyboard */ = {
			isa = PBXVariantGroup;
			children = (
				9F79FE64210DD7DD003EE864 /* Base */,
			);
			name = Main.storyboard;
			sourceTree = "<group>";
		};
		9F79FE68210DD7DD003EE864 /* LaunchScreen.storyboard */ = {
			isa = PBXVariantGroup;
			children = (
				9F79FE69210DD7DD003EE864 /* Base */,
			);
			name = LaunchScreen.storyboard;
			sourceTree = "<group>";
		};
/* End PBXVariantGroup section */

/* Begin XCBuildConfiguration section */
		9F79FE77210DD7DD003EE864 /* Debug */ = {
			isa = XCBuildConfiguration;
			buildSettings = {
				ALWAYS_SEARCH_USER_PATHS = NO;
				CLANG_ANALYZER_NONNULL = YES;
				CLANG_ANALYZER_NUMBER_OBJECT_CONVERSION = YES_AGGRESSIVE;
				CLANG_CXX_LANGUAGE_STANDARD = "gnu++14";
				CLANG_CXX_LIBRARY = "libc++";
				CLANG_ENABLE_MODULES = YES;
				CLANG_ENABLE_OBJC_ARC = YES;
				CLANG_WARN_BLOCK_CAPTURE_AUTORELEASING = YES;
				CLANG_WARN_BOOL_CONVERSION = YES;
				CLANG_WARN_COMMA = YES;
				CLANG_WARN_CONSTANT_CONVERSION = YES;
				CLANG_WARN_DIRECT_OBJC_ISA_USAGE = YES_ERROR;
				CLANG_WARN_DOCUMENTATION_COMMENTS = YES;
				CLANG_WARN_EMPTY_BODY = YES;
				CLANG_WARN_ENUM_CONVERSION = YES;
				CLANG_WARN_INFINITE_RECURSION = YES;
				CLANG_WARN_INT_CONVERSION = YES;
				CLANG_WARN_NON_LITERAL_NULL_CONVERSION = YES;
				CLANG_WARN_OBJC_LITERAL_CONVERSION = YES;
				CLANG_WARN_OBJC_ROOT_CLASS = YES_ERROR;
				CLANG_WARN_RANGE_LOOP_ANALYSIS = YES;
				CLANG_WARN_STRICT_PROTOTYPES = YES;
				CLANG_WARN_SUSPICIOUS_MOVE = YES;
				CLANG_WARN_UNGUARDED_AVAILABILITY = YES_AGGRESSIVE;
				CLANG_WARN_UNREACHABLE_CODE = YES;
				CLANG_WARN__DUPLICATE_METHOD_MATCH = YES;
				CODE_SIGN_IDENTITY = "iPhone Developer";
				COPY_PHASE_STRIP = NO;
				DEBUG_INFORMATION_FORMAT = dwarf;
				ENABLE_STRICT_OBJC_MSGSEND = YES;
				ENABLE_TESTABILITY = YES;
				GCC_C_LANGUAGE_STANDARD = gnu11;
				GCC_DYNAMIC_NO_PIC = NO;
				GCC_NO_COMMON_BLOCKS = YES;
				GCC_OPTIMIZATION_LEVEL = 0;
				GCC_PREPROCESSOR_DEFINITIONS = (
					"DEBUG=1",
					"$(inherited)",
				);
				GCC_WARN_64_TO_32_BIT_CONVERSION = YES;
				GCC_WARN_ABOUT_RETURN_TYPE = YES_ERROR;
				GCC_WARN_UNDECLARED_SELECTOR = YES;
				GCC_WARN_UNINITIALIZED_AUTOS = YES_AGGRESSIVE;
				GCC_WARN_UNUSED_FUNCTION = YES;
				GCC_WARN_UNUSED_VARIABLE = YES;
				IPHONEOS_DEPLOYMENT_TARGET = 11.1;
				MTL_ENABLE_DEBUG_INFO = YES;
				ONLY_ACTIVE_ARCH = YES;
				SDKROOT = iphoneos;
				SWIFT_ACTIVE_COMPILATION_CONDITIONS = DEBUG;
				SWIFT_OPTIMIZATION_LEVEL = "-Onone";
			};
			name = Debug;
		};
		9F79FE78210DD7DD003EE864 /* Release */ = {
			isa = XCBuildConfiguration;
			buildSettings = {
				ALWAYS_SEARCH_USER_PATHS = NO;
				CLANG_ANALYZER_NONNULL = YES;
				CLANG_ANALYZER_NUMBER_OBJECT_CONVERSION = YES_AGGRESSIVE;
				CLANG_CXX_LANGUAGE_STANDARD = "gnu++14";
				CLANG_CXX_LIBRARY = "libc++";
				CLANG_ENABLE_MODULES = YES;
				CLANG_ENABLE_OBJC_ARC = YES;
				CLANG_WARN_BLOCK_CAPTURE_AUTORELEASING = YES;
				CLANG_WARN_BOOL_CONVERSION = YES;
				CLANG_WARN_COMMA = YES;
				CLANG_WARN_CONSTANT_CONVERSION = YES;
				CLANG_WARN_DIRECT_OBJC_ISA_USAGE = YES_ERROR;
				CLANG_WARN_DOCUMENTATION_COMMENTS = YES;
				CLANG_WARN_EMPTY_BODY = YES;
				CLANG_WARN_ENUM_CONVERSION = YES;
				CLANG_WARN_INFINITE_RECURSION = YES;
				CLANG_WARN_INT_CONVERSION = YES;
				CLANG_WARN_NON_LITERAL_NULL_CONVERSION = YES;
				CLANG_WARN_OBJC_LITERAL_CONVERSION = YES;
				CLANG_WARN_OBJC_ROOT_CLASS = YES_ERROR;
				CLANG_WARN_RANGE_LOOP_ANALYSIS = YES;
				CLANG_WARN_STRICT_PROTOTYPES = YES;
				CLANG_WARN_SUSPICIOUS_MOVE = YES;
				CLANG_WARN_UNGUARDED_AVAILABILITY = YES_AGGRESSIVE;
				CLANG_WARN_UNREACHABLE_CODE = YES;
				CLANG_WARN__DUPLICATE_METHOD_MATCH = YES;
				CODE_SIGN_IDENTITY = "iPhone Developer";
				COPY_PHASE_STRIP = NO;
				DEBUG_INFORMATION_FORMAT = "dwarf-with-dsym";
				ENABLE_NS_ASSERTIONS = NO;
				ENABLE_STRICT_OBJC_MSGSEND = YES;
				GCC_C_LANGUAGE_STANDARD = gnu11;
				GCC_NO_COMMON_BLOCKS = YES;
				GCC_WARN_64_TO_32_BIT_CONVERSION = YES;
				GCC_WARN_ABOUT_RETURN_TYPE = YES_ERROR;
				GCC_WARN_UNDECLARED_SELECTOR = YES;
				GCC_WARN_UNINITIALIZED_AUTOS = YES_AGGRESSIVE;
				GCC_WARN_UNUSED_FUNCTION = YES;
				GCC_WARN_UNUSED_VARIABLE = YES;
				IPHONEOS_DEPLOYMENT_TARGET = 11.1;
				MTL_ENABLE_DEBUG_INFO = NO;
				SDKROOT = iphoneos;
				SWIFT_OPTIMIZATION_LEVEL = "-Owholemodule";
				VALIDATE_PRODUCT = YES;
			};
			name = Release;
		};
		9F79FE7A210DD7DD003EE864 /* Debug */ = {
			isa = XCBuildConfiguration;
			buildSettings = {
				ASSETCATALOG_COMPILER_APPICON_NAME = AppIcon;
				CODE_SIGN_STYLE = Automatic;
				INFOPLIST_FILE = SpeedrunApp/Info.plist;
				LD_RUNPATH_SEARCH_PATHS = "$(inherited) @executable_path/Frameworks";
				PRODUCT_BUNDLE_IDENTIFIER = com.rodrigonunesgil.SpeedrunApp;
				PRODUCT_NAME = "$(TARGET_NAME)";
				SWIFT_VERSION = 4.0;
				TARGETED_DEVICE_FAMILY = "1,2";
			};
			name = Debug;
		};
		9F79FE7B210DD7DD003EE864 /* Release */ = {
			isa = XCBuildConfiguration;
			buildSettings = {
				ASSETCATALOG_COMPILER_APPICON_NAME = AppIcon;
				CODE_SIGN_STYLE = Automatic;
				INFOPLIST_FILE = SpeedrunApp/Info.plist;
				LD_RUNPATH_SEARCH_PATHS = "$(inherited) @executable_path/Frameworks";
				PRODUCT_BUNDLE_IDENTIFIER = com.rodrigonunesgil.SpeedrunApp;
				PRODUCT_NAME = "$(TARGET_NAME)";
				SWIFT_VERSION = 4.0;
				TARGETED_DEVICE_FAMILY = "1,2";
			};
			name = Release;
		};
		9F79FE7D210DD7DD003EE864 /* Debug */ = {
			isa = XCBuildConfiguration;
			buildSettings = {
				ALWAYS_EMBED_SWIFT_STANDARD_LIBRARIES = YES;
				BUNDLE_LOADER = "$(TEST_HOST)";
				CODE_SIGN_STYLE = Automatic;
				INFOPLIST_FILE = SpeedrunAppTests/Info.plist;
				LD_RUNPATH_SEARCH_PATHS = "$(inherited) @executable_path/Frameworks @loader_path/Frameworks";
				PRODUCT_BUNDLE_IDENTIFIER = com.rodrigonunesgil.SpeedrunAppTests;
				PRODUCT_NAME = "$(TARGET_NAME)";
				SWIFT_VERSION = 4.0;
				TARGETED_DEVICE_FAMILY = "1,2";
				TEST_HOST = "$(BUILT_PRODUCTS_DIR)/SpeedrunApp.app/SpeedrunApp";
			};
			name = Debug;
		};
		9F79FE7E210DD7DD003EE864 /* Release */ = {
			isa = XCBuildConfiguration;
			buildSettings = {
				ALWAYS_EMBED_SWIFT_STANDARD_LIBRARIES = YES;
				BUNDLE_LOADER = "$(TEST_HOST)";
				CODE_SIGN_STYLE = Automatic;
				INFOPLIST_FILE = SpeedrunAppTests/Info.plist;
				LD_RUNPATH_SEARCH_PATHS = "$(inherited) @executable_path/Frameworks @loader_path/Frameworks";
				PRODUCT_BUNDLE_IDENTIFIER = com.rodrigonunesgil.SpeedrunAppTests;
				PRODUCT_NAME = "$(TARGET_NAME)";
				SWIFT_VERSION = 4.0;
				TARGETED_DEVICE_FAMILY = "1,2";
				TEST_HOST = "$(BUILT_PRODUCTS_DIR)/SpeedrunApp.app/SpeedrunApp";
			};
			name = Release;
		};
/* End XCBuildConfiguration section */

/* Begin XCConfigurationList section */
		9F79FE57210DD7DD003EE864 /* Build configuration list for PBXProject "SpeedrunApp" */ = {
			isa = XCConfigurationList;
			buildConfigurations = (
				9F79FE77210DD7DD003EE864 /* Debug */,
				9F79FE78210DD7DD003EE864 /* Release */,
			);
			defaultConfigurationIsVisible = 0;
			defaultConfigurationName = Release;
		};
		9F79FE79210DD7DD003EE864 /* Build configuration list for PBXNativeTarget "SpeedrunApp" */ = {
			isa = XCConfigurationList;
			buildConfigurations = (
				9F79FE7A210DD7DD003EE864 /* Debug */,
				9F79FE7B210DD7DD003EE864 /* Release */,
			);
			defaultConfigurationIsVisible = 0;
			defaultConfigurationName = Release;
		};
		9F79FE7C210DD7DD003EE864 /* Build configuration list for PBXNativeTarget "SpeedrunAppTests" */ = {
			isa = XCConfigurationList;
			buildConfigurations = (
				9F79FE7D210DD7DD003EE864 /* Debug */,
				9F79FE7E210DD7DD003EE864 /* Release */,
			);
			defaultConfigurationIsVisible = 0;
			defaultConfigurationName = Release;
		};
/* End XCConfigurationList section */
	};
	rootObject = 9F79FE54210DD7DD003EE864 /* Project object */;
}
